
Microsoft Visual Studio Solution File, Format Version 12.00
# Visual Studio Version 17
VisualStudioVersion = 17.2.32616.157
MinimumVisualStudioVersion = 10.0.40219.1
Project("{9A19103F-16F7-4668-BE54-9A1E7A4F7556}") = "DC.Core", "DC.Core.csproj", "{CB8E6BC5-8604-4767-B3BC-191AF230FA0A}"
EndProject
Project("{FAE04EC0-301F-11D3-BF4B-00C04F79EFBC}") = "DC.Core.Data", "..\DC.Core.Data\DC.Core.Data.csproj", "{DA6D7D61-3BC9-410E-9BA2-C00066E5AFA3}"
EndProject
Project("{FAE04EC0-301F-11D3-BF4B-00C04F79EFBC}") = "DC.Core.Entity", "..\DC.Core.Entity\DC.Core.Entity.csproj", "{EBCE6273-3181-4650-B0E2-6A49612E0C18}"
EndProject
Project("{FAE04EC0-301F-11D3-BF4B-00C04F79EFBC}") = "DC.Core.Cache", "..\DC.Core.Cache\DC.Core.Cache.csproj", "{0526E1B6-57C6-4E44-ADFC-507C1DF73BB3}"
EndProject
Project("{FAE04EC0-301F-11D3-BF4B-00C04F79EFBC}") = "DC.Core.Socket", "..\DC.Core.Socket\DC.Core.Socket.csproj", "{5B20B698-A960-45F7-B6AE-3C1727C8AD75}"
EndProject
Project("{FAE04EC0-301F-11D3-BF4B-00C04F79EFBC}") = "DC.Core.Api", "..\DC.Core.Api\DC.Core.Api.csproj", "{505E0F17-553C-45E0-9025-3294E96C3F2E}"
EndProject
Project("{FAE04EC0-301F-11D3-BF4B-00C04F79EFBC}") = "DC.Core.Exceptions", "..\DC.Core.Exceptions\DC.Core.Exceptions.csproj", "{F22B75A1-67E2-43B2-B65D-D74D30A3CB07}"
EndProject
Project("{FAE04EC0-301F-11D3-BF4B-00C04F79EFBC}") = "DC.Core.Extensions", "..\DC.Core.Extensions\DC.Core.Extensions.csproj", "{52318CE4-0A37-4555-8CD5-06957FF179FD}"
EndProject
Global
	GlobalSection(SolutionConfigurationPlatforms) = preSolution
		Debug|Any CPU = Debug|Any CPU
		Release|Any CPU = Release|Any CPU
	EndGlobalSection
	GlobalSection(ProjectConfigurationPlatforms) = postSolution
		{CB8E6BC5-8604-4767-B3BC-191AF230FA0A}.Debug|Any CPU.ActiveCfg = Debug|Any CPU
		{CB8E6BC5-8604-4767-B3BC-191AF230FA0A}.Debug|Any CPU.Build.0 = Debug|Any CPU
		{CB8E6BC5-8604-4767-B3BC-191AF230FA0A}.Release|Any CPU.ActiveCfg = Release|Any CPU
		{CB8E6BC5-8604-4767-B3BC-191AF230FA0A}.Release|Any CPU.Build.0 = Release|Any CPU
		{DA6D7D61-3BC9-410E-9BA2-C00066E5AFA3}.Debug|Any CPU.ActiveCfg = Debug|Any CPU
		{DA6D7D61-3BC9-410E-9BA2-C00066E5AFA3}.Debug|Any CPU.Build.0 = Debug|Any CPU
		{DA6D7D61-3BC9-410E-9BA2-C00066E5AFA3}.Release|Any CPU.ActiveCfg = Release|Any CPU
		{DA6D7D61-3BC9-410E-9BA2-C00066E5AFA3}.Release|Any CPU.Build.0 = Release|Any CPU
		{EBCE6273-3181-4650-B0E2-6A49612E0C18}.Debug|Any CPU.ActiveCfg = Debug|Any CPU
		{EBCE6273-3181-4650-B0E2-6A49612E0C18}.Debug|Any CPU.Build.0 = Debug|Any CPU
		{EBCE6273-3181-4650-B0E2-6A49612E0C18}.Release|Any CPU.ActiveCfg = Release|Any CPU
		{EBCE6273-3181-4650-B0E2-6A49612E0C18}.Release|Any CPU.Build.0 = Release|Any CPU
		{0526E1B6-57C6-4E44-ADFC-507C1DF73BB3}.Debug|Any CPU.ActiveCfg = Debug|Any CPU
		{0526E1B6-57C6-4E44-ADFC-507C1DF73BB3}.Debug|Any CPU.Build.0 = Debug|Any CPU
		{0526E1B6-57C6-4E44-ADFC-507C1DF73BB3}.Release|Any CPU.ActiveCfg = Release|Any CPU
		{0526E1B6-57C6-4E44-ADFC-507C1DF73BB3}.Release|Any CPU.Build.0 = Release|Any CPU
		{5B20B698-A960-45F7-B6AE-3C1727C8AD75}.Debug|Any CPU.ActiveCfg = Debug|Any CPU
		{5B20B698-A960-45F7-B6AE-3C1727C8AD75}.Debug|Any CPU.Build.0 = Debug|Any CPU
		{5B20B698-A960-45F7-B6AE-3C1727C8AD75}.Release|Any CPU.ActiveCfg = Release|Any CPU
		{5B20B698-A960-45F7-B6AE-3C1727C8AD75}.Release|Any CPU.Build.0 = Release|Any CPU
		{505E0F17-553C-45E0-9025-3294E96C3F2E}.Debug|Any CPU.ActiveCfg = Debug|Any CPU
		{505E0F17-553C-45E0-9025-3294E96C3F2E}.Debug|Any CPU.Build.0 = Debug|Any CPU
		{505E0F17-553C-45E0-9025-3294E96C3F2E}.Release|Any CPU.ActiveCfg = Release|Any CPU
		{505E0F17-553C-45E0-9025-3294E96C3F2E}.Release|Any CPU.Build.0 = Release|Any CPU
		{F22B75A1-67E2-43B2-B65D-D74D30A3CB07}.Debug|Any CPU.ActiveCfg = Debug|Any CPU
		{F22B75A1-67E2-43B2-B65D-D74D30A3CB07}.Debug|Any CPU.Build.0 = Debug|Any CPU
		{F22B75A1-67E2-43B2-B65D-D74D30A3CB07}.Release|Any CPU.ActiveCfg = Release|Any CPU
		{F22B75A1-67E2-43B2-B65D-D74D30A3CB07}.Release|Any CPU.Build.0 = Release|Any CPU
		{52318CE4-0A37-4555-8CD5-06957FF179FD}.Debug|Any CPU.ActiveCfg = Debug|Any CPU
		{52318CE4-0A37-4555-8CD5-06957FF179FD}.Debug|Any CPU.Build.0 = Debug|Any CPU
		{52318CE4-0A37-4555-8CD5-06957FF179FD}.Release|Any CPU.ActiveCfg = Release|Any CPU
		{52318CE4-0A37-4555-8CD5-06957FF179FD}.Release|Any CPU.Build.0 = Release|Any CPU
	EndGlobalSection
	GlobalSection(SolutionProperties) = preSolution
		HideSolutionNode = FALSE
	EndGlobalSection
	GlobalSection(ExtensibilityGlobals) = postSolution
		SolutionGuid = {E7969B8E-9ED0-45B3-B956-48CBD7001B36}
	EndGlobalSection
EndGlobal
